// !$*UTF8*$!
{
	archiveVersion = 1;
	classes = {
	};
	objectVersion = 77;
	objects = {

/* Begin PBXContainerItemProxy section */
		0F492B6C2CC7E8FB003914E4 /* PBXContainerItemProxy */ = {
			isa = PBXContainerItemProxy;
			containerPortal = 0F492B4F2CC7E8F9003914E4 /* Project object */;
			proxyType = 1;
			remoteGlobalIDString = 0F492B562CC7E8F9003914E4;
			remoteInfo = PAYBACK;
		};
		0F492B762CC7E8FB003914E4 /* PBXContainerItemProxy */ = {
			isa = PBXContainerItemProxy;
			containerPortal = 0F492B4F2CC7E8F9003914E4 /* Project object */;
			proxyType = 1;
			remoteGlobalIDString = 0F492B562CC7E8F9003914E4;
			remoteInfo = PAYBACK;
		};
/* End PBXContainerItemProxy section */

/* Begin PBXFileReference section */
		0F492B572CC7E8F9003914E4 /* PAYBACK.app */ = {isa = PBXFileReference; explicitFileType = wrapper.application; includeInIndex = 0; path = PAYBACK.app; sourceTree = BUILT_PRODUCTS_DIR; };
		0F492B6B2CC7E8FB003914E4 /* PAYBACKTests.xctest */ = {isa = PBXFileReference; explicitFileType = wrapper.cfbundle; includeInIndex = 0; path = PAYBACKTests.xctest; sourceTree = BUILT_PRODUCTS_DIR; };
		0F492B752CC7E8FB003914E4 /* PAYBACKUITests.xctest */ = {isa = PBXFileReference; explicitFileType = wrapper.cfbundle; includeInIndex = 0; path = PAYBACKUITests.xctest; sourceTree = BUILT_PRODUCTS_DIR; };
/* End PBXFileReference section */

/* Begin PBXFileSystemSynchronizedBuildFileExceptionSet section */
		0F492B7D2CC7E8FB003914E4 /* Exceptions for "PAYBACK" folder in "PAYBACK" target */ = {
			isa = PBXFileSystemSynchronizedBuildFileExceptionSet;
			membershipExceptions = (
				Info.plist,
			);
			target = 0F492B562CC7E8F9003914E4 /* PAYBACK */;
		};
/* End PBXFileSystemSynchronizedBuildFileExceptionSet section */

/* Begin PBXFileSystemSynchronizedRootGroup section */
		0F492B592CC7E8F9003914E4 /* PAYBACK */ = {
			isa = PBXFileSystemSynchronizedRootGroup;
			exceptions = (
				0F492B7D2CC7E8FB003914E4 /* Exceptions for "PAYBACK" folder in "PAYBACK" target */,
			);
			path = PAYBACK;
			sourceTree = "<group>";
		};
		0F492B6E2CC7E8FB003914E4 /* PAYBACKTests */ = {
			isa = PBXFileSystemSynchronizedRootGroup;
			path = PAYBACKTests;
			sourceTree = "<group>";
		};
		0F492B782CC7E8FB003914E4 /* PAYBACKUITests */ = {
			isa = PBXFileSystemSynchronizedRootGroup;
			path = PAYBACKUITests;
			sourceTree = "<group>";
		};
/* End PBXFileSystemSynchronizedRootGroup section */

/* Begin PBXFrameworksBuildPhase section */
		0F492B542CC7E8F9003914E4 /* Frameworks */ = {
			isa = PBXFrameworksBuildPhase;
			buildActionMask = 2147483647;
			files = (
			);
			runOnlyForDeploymentPostprocessing = 0;
		};
		0F492B682CC7E8FB003914E4 /* Frameworks */ = {
			isa = PBXFrameworksBuildPhase;
			buildActionMask = 2147483647;
			files = (
			);
			runOnlyForDeploymentPostprocessing = 0;
		};
		0F492B722CC7E8FB003914E4 /* Frameworks */ = {
			isa = PBXFrameworksBuildPhase;
			buildActionMask = 2147483647;
			files = (
			);
			runOnlyForDeploymentPostprocessing = 0;
		};
/* End PBXFrameworksBuildPhase section */

/* Begin PBXGroup section */
		0F492B4E2CC7E8F9003914E4 = {
			isa = PBXGroup;
			children = (
				0F492B592CC7E8F9003914E4 /* PAYBACK */,
				0F492B6E2CC7E8FB003914E4 /* PAYBACKTests */,
				0F492B782CC7E8FB003914E4 /* PAYBACKUITests */,
				0F492B582CC7E8F9003914E4 /* Products */,
			);
			sourceTree = "<group>";
		};
		0F492B582CC7E8F9003914E4 /* Products */ = {
			isa = PBXGroup;
			children = (
				0F492B572CC7E8F9003914E4 /* PAYBACK.app */,
				0F492B6B2CC7E8FB003914E4 /* PAYBACKTests.xctest */,
				0F492B752CC7E8FB003914E4 /* PAYBACKUITests.xctest */,
			);
			name = Products;
			sourceTree = "<group>";
		};
/* End PBXGroup section */

/* Begin PBXNativeTarget section */
		0F492B562CC7E8F9003914E4 /* PAYBACK */ = {
			isa = PBXNativeTarget;
			buildConfigurationList = 0F492B7E2CC7E8FB003914E4 /* Build configuration list for PBXNativeTarget "PAYBACK" */;
			buildPhases = (
				0F492B532CC7E8F9003914E4 /* Sources */,
				0F492B542CC7E8F9003914E4 /* Frameworks */,
				0F492B552CC7E8F9003914E4 /* Resources */,
			);
			buildRules = (
			);
			dependencies = (
			);
			fileSystemSynchronizedGroups = (
				0F492B592CC7E8F9003914E4 /* PAYBACK */,
			);
			name = PAYBACK;
			packageProductDependencies = (
			);
			productName = PAYBACK;
			productReference = 0F492B572CC7E8F9003914E4 /* PAYBACK.app */;
			productType = "com.apple.product-type.application";
		};
		0F492B6A2CC7E8FB003914E4 /* PAYBACKTests */ = {
			isa = PBXNativeTarget;
			buildConfigurationList = 0F492B832CC7E8FB003914E4 /* Build configuration list for PBXNativeTarget "PAYBACKTests" */;
			buildPhases = (
				0F492B672CC7E8FB003914E4 /* Sources */,
				0F492B682CC7E8FB003914E4 /* Frameworks */,
				0F492B692CC7E8FB003914E4 /* Resources */,
			);
			buildRules = (
			);
			dependencies = (
				0F492B6D2CC7E8FB003914E4 /* PBXTargetDependency */,
			);
			fileSystemSynchronizedGroups = (
				0F492B6E2CC7E8FB003914E4 /* PAYBACKTests */,
			);
			name = PAYBACKTests;
			packageProductDependencies = (
			);
			productName = PAYBACKTests;
			productReference = 0F492B6B2CC7E8FB003914E4 /* PAYBACKTests.xctest */;
			productType = "com.apple.product-type.bundle.unit-test";
		};
		0F492B742CC7E8FB003914E4 /* PAYBACKUITests */ = {
			isa = PBXNativeTarget;
			buildConfigurationList = 0F492B862CC7E8FB003914E4 /* Build configuration list for PBXNativeTarget "PAYBACKUITests" */;
			buildPhases = (
				0F492B712CC7E8FB003914E4 /* Sources */,
				0F492B722CC7E8FB003914E4 /* Frameworks */,
				0F492B732CC7E8FB003914E4 /* Resources */,
			);
			buildRules = (
			);
			dependencies = (
				0F492B772CC7E8FB003914E4 /* PBXTargetDependency */,
			);
			fileSystemSynchronizedGroups = (
				0F492B782CC7E8FB003914E4 /* PAYBACKUITests */,
			);
			name = PAYBACKUITests;
			packageProductDependencies = (
			);
			productName = PAYBACKUITests;
			productReference = 0F492B752CC7E8FB003914E4 /* PAYBACKUITests.xctest */;
			productType = "com.apple.product-type.bundle.ui-testing";
		};
/* End PBXNativeTarget section */

/* Begin PBXProject section */
		0F492B4F2CC7E8F9003914E4 /* Project object */ = {
			isa = PBXProject;
			attributes = {
				BuildIndependentTargetsInParallel = 1;
				LastSwiftUpdateCheck = 1600;
				LastUpgradeCheck = 1600;
				TargetAttributes = {
					0F492B562CC7E8F9003914E4 = {
						CreatedOnToolsVersion = 16.0;
					};
					0F492B6A2CC7E8FB003914E4 = {
						CreatedOnToolsVersion = 16.0;
						TestTargetID = 0F492B562CC7E8F9003914E4;
					};
					0F492B742CC7E8FB003914E4 = {
						CreatedOnToolsVersion = 16.0;
						TestTargetID = 0F492B562CC7E8F9003914E4;
					};
				};
			};
			buildConfigurationList = 0F492B522CC7E8F9003914E4 /* Build configuration list for PBXProject "PAYBACK" */;
			developmentRegion = en;
			hasScannedForEncodings = 0;
			knownRegions = (
				en,
				Base,
			);
			mainGroup = 0F492B4E2CC7E8F9003914E4;
			minimizedProjectReferenceProxies = 1;
			preferredProjectObjectVersion = 77;
			productRefGroup = 0F492B582CC7E8F9003914E4 /* Products */;
			projectDirPath = "";
			projectRoot = "";
			targets = (
				0F492B562CC7E8F9003914E4 /* PAYBACK */,
				0F492B6A2CC7E8FB003914E4 /* PAYBACKTests */,
				0F492B742CC7E8FB003914E4 /* PAYBACKUITests */,
			);
		};
/* End PBXProject section */

/* Begin PBXResourcesBuildPhase section */
		0F492B552CC7E8F9003914E4 /* Resources */ = {
			isa = PBXResourcesBuildPhase;
			buildActionMask = 2147483647;
			files = (
			);
			runOnlyForDeploymentPostprocessing = 0;
		};
		0F492B692CC7E8FB003914E4 /* Resources */ = {
			isa = PBXResourcesBuildPhase;
			buildActionMask = 2147483647;
			files = (
			);
			runOnlyForDeploymentPostprocessing = 0;
		};
		0F492B732CC7E8FB003914E4 /* Resources */ = {
			isa = PBXResourcesBuildPhase;
			buildActionMask = 2147483647;
			files = (
			);
			runOnlyForDeploymentPostprocessing = 0;
		};
/* End PBXResourcesBuildPhase section */

/* Begin PBXSourcesBuildPhase section */
		0F492B532CC7E8F9003914E4 /* Sources */ = {
			isa = PBXSourcesBuildPhase;
			buildActionMask = 2147483647;
			files = (
			);
			runOnlyForDeploymentPostprocessing = 0;
		};
		0F492B672CC7E8FB003914E4 /* Sources */ = {
			isa = PBXSourcesBuildPhase;
			buildActionMask = 2147483647;
			files = (
			);
			runOnlyForDeploymentPostprocessing = 0;
		};
		0F492B712CC7E8FB003914E4 /* Sources */ = {
			isa = PBXSourcesBuildPhase;
			buildActionMask = 2147483647;
			files = (
			);
			runOnlyForDeploymentPostprocessing = 0;
		};
/* End PBXSourcesBuildPhase section */

/* Begin PBXTargetDependency section */
		0F492B6D2CC7E8FB003914E4 /* PBXTargetDependency */ = {
			isa = PBXTargetDependency;
			target = 0F492B562CC7E8F9003914E4 /* PAYBACK */;
			targetProxy = 0F492B6C2CC7E8FB003914E4 /* PBXContainerItemProxy */;
		};
		0F492B772CC7E8FB003914E4 /* PBXTargetDependency */ = {
			isa = PBXTargetDependency;
			target = 0F492B562CC7E8F9003914E4 /* PAYBACK */;
			targetProxy = 0F492B762CC7E8FB003914E4 /* PBXContainerItemProxy */;
		};
/* End PBXTargetDependency section */

/* Begin XCBuildConfiguration section */
		0F492B7F2CC7E8FB003914E4 /* Debug */ = {
			isa = XCBuildConfiguration;
			buildSettings = {
				ASSETCATALOG_COMPILER_APPICON_NAME = AppIcon;
				ASSETCATALOG_COMPILER_GLOBAL_ACCENT_COLOR_NAME = AccentColor;
				CODE_SIGN_ENTITLEMENTS = PAYBACK/PAYBACK.entitlements;
				CODE_SIGN_STYLE = Automatic;
				CURRENT_PROJECT_VERSION = 1;
				DEVELOPMENT_ASSET_PATHS = "\"PAYBACK/Preview Content\"";
				DEVELOPMENT_TEAM = 7JR5TRF8MV;
				ENABLE_PREVIEWS = YES;
				GENERATE_INFOPLIST_FILE = YES;
				INFOPLIST_FILE = PAYBACK/Info.plist;
				INFOPLIST_KEY_UIApplicationSceneManifest_Generation = YES;
				INFOPLIST_KEY_UIApplicationSupportsIndirectInputEvents = YES;
				INFOPLIST_KEY_UILaunchScreen_Generation = YES;
				INFOPLIST_KEY_UISupportedInterfaceOrientations_iPad = "UIInterfaceOrientationPortrait UIInterfaceOrientationPortraitUpsideDown UIInterfaceOrientationLandscapeLeft UIInterfaceOrientationLandscapeRight";
				INFOPLIST_KEY_UISupportedInterfaceOrientations_iPhone = "UIInterfaceOrientationPortrait UIInterfaceOrientationLandscapeLeft UIInterfaceOrientationLandscapeRight";
				LD_RUNPATH_SEARCH_PATHS = (
					"$(inherited)",
					"@executable_path/Frameworks",
				);
				MARKETING_VERSION = 1.0;
				PRODUCT_BUNDLE_IDENTIFIER = JMK.PAYBACK;
				PRODUCT_NAME = "$(TARGET_NAME)";
				SWIFT_EMIT_LOC_STRINGS = YES;
				SWIFT_VERSION = 5.0;
				TARGETED_DEVICE_FAMILY = "1,2";
			};
			name = Debug;
		};
		0F492B802CC7E8FB003914E4 /* Release */ = {
			isa = XCBuildConfiguration;
			buildSettings = {
				ASSETCATALOG_COMPILER_APPICON_NAME = AppIcon;
				ASSETCATALOG_COMPILER_GLOBAL_ACCENT_COLOR_NAME = AccentColor;
				CODE_SIGN_ENTITLEMENTS = PAYBACK/PAYBACK.entitlements;
				CODE_SIGN_STYLE = Automatic;
				CURRENT_PROJECT_VERSION = 1;
				DEVELOPMENT_ASSET_PATHS = "\"PAYBACK/Preview Content\"";
				DEVELOPMENT_TEAM = 7JR5TRF8MV;
				ENABLE_PREVIEWS = YES;
				GENERATE_INFOPLIST_FILE = YES;
				INFOPLIST_FILE = PAYBACK/Info.plist;
				INFOPLIST_KEY_UIApplicationSceneManifest_Generation = YES;
				INFOPLIST_KEY_UIApplicationSupportsIndirectInputEvents = YES;
				INFOPLIST_KEY_UILaunchScreen_Generation = YES;
				INFOPLIST_KEY_UISupportedInterfaceOrientations_iPad = "UIInterfaceOrientationPortrait UIInterfaceOrientationPortraitUpsideDown UIInterfaceOrientationLandscapeLeft UIInterfaceOrientationLandscapeRight";
				INFOPLIST_KEY_UISupportedInterfaceOrientations_iPhone = "UIInterfaceOrientationPortrait UIInterfaceOrientationLandscapeLeft UIInterfaceOrientationLandscapeRight";
				LD_RUNPATH_SEARCH_PATHS = (
					"$(inherited)",
					"@executable_path/Frameworks",
				);
				MARKETING_VERSION = 1.0;
				PRODUCT_BUNDLE_IDENTIFIER = JMK.PAYBACK;
				PRODUCT_NAME = "$(TARGET_NAME)";
				SWIFT_EMIT_LOC_STRINGS = YES;
				SWIFT_VERSION = 5.0;
				TARGETED_DEVICE_FAMILY = "1,2";
			};
			name = Release;
		};
		0F492B812CC7E8FB003914E4 /* Debug */ = {
			isa = XCBuildConfiguration;
			buildSettings = {
				ALWAYS_SEARCH_USER_PATHS = NO;
				ASSETCATALOG_COMPILER_GENERATE_SWIFT_ASSET_SYMBOL_EXTENSIONS = YES;
				CLANG_ANALYZER_NONNULL = YES;
				CLANG_ANALYZER_NUMBER_OBJECT_CONVERSION = YES_AGGRESSIVE;
				CLANG_CXX_LANGUAGE_STANDARD = "gnu++20";
				CLANG_ENABLE_MODULES = YES;
				CLANG_ENABLE_OBJC_ARC = YES;
				CLANG_ENABLE_OBJC_WEAK = YES;
				CLANG_WARN_BLOCK_CAPTURE_AUTORELEASING = YES;
				CLANG_WARN_BOOL_CONVERSION = YES;
				CLANG_WARN_COMMA = YES;
				CLANG_WARN_CONSTANT_CONVERSION = YES;
				CLANG_WARN_DEPRECATED_OBJC_IMPLEMENTATIONS = YES;
				CLANG_WARN_DIRECT_OBJC_ISA_USAGE = YES_ERROR;
				CLANG_WARN_DOCUMENTATION_COMMENTS = YES;
				CLANG_WARN_EMPTY_BODY = YES;
				CLANG_WARN_ENUM_CONVERSION = YES;
				CLANG_WARN_INFINITE_RECURSION = YES;
				CLANG_WARN_INT_CONVERSION = YES;
				CLANG_WARN_NON_LITERAL_NULL_CONVERSION = YES;
				CLANG_WARN_OBJC_IMPLICIT_RETAIN_SELF = YES;
				CLANG_WARN_OBJC_LITERAL_CONVERSION = YES;
				CLANG_WARN_OBJC_ROOT_CLASS = YES_ERROR;
				CLANG_WARN_QUOTED_INCLUDE_IN_FRAMEWORK_HEADER = YES;
				CLANG_WARN_RANGE_LOOP_ANALYSIS = YES;
				CLANG_WARN_STRICT_PROTOTYPES = YES;
				CLANG_WARN_SUSPICIOUS_MOVE = YES;
				CLANG_WARN_UNGUARDED_AVAILABILITY = YES_AGGRESSIVE;
				CLANG_WARN_UNREACHABLE_CODE = YES;
				CLANG_WARN__DUPLICATE_METHOD_MATCH = YES;
				COPY_PHASE_STRIP = NO;
				DEBUG_INFORMATION_FORMAT = dwarf;
				ENABLE_STRICT_OBJC_MSGSEND = YES;
				ENABLE_TESTABILITY = YES;
				ENABLE_USER_SCRIPT_SANDBOXING = YES;
				GCC_C_LANGUAGE_STANDARD = gnu17;
				GCC_DYNAMIC_NO_PIC = NO;
				GCC_NO_COMMON_BLOCKS = YES;
				GCC_OPTIMIZATION_LEVEL = 0;
				GCC_PREPROCESSOR_DEFINITIONS = (
					"DEBUG=1",
					"$(inherited)",
				);
				GCC_WARN_64_TO_32_BIT_CONVERSION = YES;
				GCC_WARN_ABOUT_RETURN_TYPE = YES_ERROR;
				GCC_WARN_UNDECLARED_SELECTOR = YES;
				GCC_WARN_UNINITIALIZED_AUTOS = YES_AGGRESSIVE;
				GCC_WARN_UNUSED_FUNCTION = YES;
				GCC_WARN_UNUSED_VARIABLE = YES;
				IPHONEOS_DEPLOYMENT_TARGET = 18.0;
				LOCALIZATION_PREFERS_STRING_CATALOGS = YES;
				MTL_ENABLE_DEBUG_INFO = INCLUDE_SOURCE;
				MTL_FAST_MATH = YES;
				ONLY_ACTIVE_ARCH = YES;
				SDKROOT = iphoneos;
				SWIFT_ACTIVE_COMPILATION_CONDITIONS = "DEBUG $(inherited)";
				SWIFT_OPTIMIZATION_LEVEL = "-Onone";
			};
			name = Debug;
		};
		0F492B822CC7E8FB003914E4 /* Release */ = {
			isa = XCBuildConfiguration;
			buildSettings = {
				ALWAYS_SEARCH_USER_PATHS = NO;
				ASSETCATALOG_COMPILER_GENERATE_SWIFT_ASSET_SYMBOL_EXTENSIONS = YES;
				CLANG_ANALYZER_NONNULL = YES;
				CLANG_ANALYZER_NUMBER_OBJECT_CONVERSION = YES_AGGRESSIVE;
				CLANG_CXX_LANGUAGE_STANDARD = "gnu++20";
				CLANG_ENABLE_MODULES = YES;
				CLANG_ENABLE_OBJC_ARC = YES;
				CLANG_ENABLE_OBJC_WEAK = YES;
				CLANG_WARN_BLOCK_CAPTURE_AUTORELEASING = YES;
				CLANG_WARN_BOOL_CONVERSION = YES;
				CLANG_WARN_COMMA = YES;
				CLANG_WARN_CONSTANT_CONVERSION = YES;
				CLANG_WARN_DEPRECATED_OBJC_IMPLEMENTATIONS = YES;
				CLANG_WARN_DIRECT_OBJC_ISA_USAGE = YES_ERROR;
				CLANG_WARN_DOCUMENTATION_COMMENTS = YES;
				CLANG_WARN_EMPTY_BODY = YES;
				CLANG_WARN_ENUM_CONVERSION = YES;
				CLANG_WARN_INFINITE_RECURSION = YES;
				CLANG_WARN_INT_CONVERSION = YES;
				CLANG_WARN_NON_LITERAL_NULL_CONVERSION = YES;
				CLANG_WARN_OBJC_IMPLICIT_RETAIN_SELF = YES;
				CLANG_WARN_OBJC_LITERAL_CONVERSION = YES;
				CLANG_WARN_OBJC_ROOT_CLASS = YES_ERROR;
				CLANG_WARN_QUOTED_INCLUDE_IN_FRAMEWORK_HEADER = YES;
				CLANG_WARN_RANGE_LOOP_ANALYSIS = YES;
				CLANG_WARN_STRICT_PROTOTYPES = YES;
				CLANG_WARN_SUSPICIOUS_MOVE = YES;
				CLANG_WARN_UNGUARDED_AVAILABILITY = YES_AGGRESSIVE;
				CLANG_WARN_UNREACHABLE_CODE = YES;
				CLANG_WARN__DUPLICATE_METHOD_MATCH = YES;
				COPY_PHASE_STRIP = NO;
				DEBUG_INFORMATION_FORMAT = "dwarf-with-dsym";
				ENABLE_NS_ASSERTIONS = NO;
				ENABLE_STRICT_OBJC_MSGSEND = YES;
				ENABLE_USER_SCRIPT_SANDBOXING = YES;
				GCC_C_LANGUAGE_STANDARD = gnu17;
				GCC_NO_COMMON_BLOCKS = YES;
				GCC_WARN_64_TO_32_BIT_CONVERSION = YES;
				GCC_WARN_ABOUT_RETURN_TYPE = YES_ERROR;
				GCC_WARN_UNDECLARED_SELECTOR = YES;
				GCC_WARN_UNINITIALIZED_AUTOS = YES_AGGRESSIVE;
				GCC_WARN_UNUSED_FUNCTION = YES;
				GCC_WARN_UNUSED_VARIABLE = YES;
				IPHONEOS_DEPLOYMENT_TARGET = 18.0;
				LOCALIZATION_PREFERS_STRING_CATALOGS = YES;
				MTL_ENABLE_DEBUG_INFO = NO;
				MTL_FAST_MATH = YES;
				SDKROOT = iphoneos;
				SWIFT_COMPILATION_MODE = wholemodule;
				VALIDATE_PRODUCT = YES;
			};
			name = Release;
		};
		0F492B842CC7E8FB003914E4 /* Debug */ = {
			isa = XCBuildConfiguration;
			buildSettings = {
				BUNDLE_LOADER = "$(TEST_HOST)";
				CODE_SIGN_STYLE = Automatic;
				CURRENT_PROJECT_VERSION = 1;
				DEVELOPMENT_TEAM = 7JR5TRF8MV;
				GENERATE_INFOPLIST_FILE = YES;
				IPHONEOS_DEPLOYMENT_TARGET = 18.0;
				MARKETING_VERSION = 1.0;
				PRODUCT_BUNDLE_IDENTIFIER = JMK.PAYBACKTests;
				PRODUCT_NAME = "$(TARGET_NAME)";
				SWIFT_EMIT_LOC_STRINGS = NO;
				SWIFT_VERSION = 5.0;
				TARGETED_DEVICE_FAMILY = "1,2";
				TEST_HOST = "$(BUILT_PRODUCTS_DIR)/PAYBACK.app/$(BUNDLE_EXECUTABLE_FOLDER_PATH)/PAYBACK";
			};
			name = Debug;
		};
		0F492B852CC7E8FB003914E4 /* Release */ = {
			isa = XCBuildConfiguration;
			buildSettings = {
				BUNDLE_LOADER = "$(TEST_HOST)";
				CODE_SIGN_STYLE = Automatic;
				CURRENT_PROJECT_VERSION = 1;
				DEVELOPMENT_TEAM = 7JR5TRF8MV;
				GENERATE_INFOPLIST_FILE = YES;
				IPHONEOS_DEPLOYMENT_TARGET = 18.0;
				MARKETING_VERSION = 1.0;
				PRODUCT_BUNDLE_IDENTIFIER = JMK.PAYBACKTests;
				PRODUCT_NAME = "$(TARGET_NAME)";
				SWIFT_EMIT_LOC_STRINGS = NO;
				SWIFT_VERSION = 5.0;
				TARGETED_DEVICE_FAMILY = "1,2";
				TEST_HOST = "$(BUILT_PRODUCTS_DIR)/PAYBACK.app/$(BUNDLE_EXECUTABLE_FOLDER_PATH)/PAYBACK";
			};
			name = Release;
		};
		0F492B872CC7E8FB003914E4 /* Debug */ = {
			isa = XCBuildConfiguration;
			buildSettings = {
				CODE_SIGN_STYLE = Automatic;
				CURRENT_PROJECT_VERSION = 1;
				DEVELOPMENT_TEAM = 7JR5TRF8MV;
				GENERATE_INFOPLIST_FILE = YES;
				MARKETING_VERSION = 1.0;
				PRODUCT_BUNDLE_IDENTIFIER = JMK.PAYBACKUITests;
				PRODUCT_NAME = "$(TARGET_NAME)";
				SWIFT_EMIT_LOC_STRINGS = NO;
				SWIFT_VERSION = 5.0;
				TARGETED_DEVICE_FAMILY = "1,2";
				TEST_TARGET_NAME = PAYBACK;
			};
			name = Debug;
		};
		0F492B882CC7E8FB003914E4 /* Release */ = {
			isa = XCBuildConfiguration;
			buildSettings = {
				CODE_SIGN_STYLE = Automatic;
				CURRENT_PROJECT_VERSION = 1;
				DEVELOPMENT_TEAM = 7JR5TRF8MV;
				GENERATE_INFOPLIST_FILE = YES;
				MARKETING_VERSION = 1.0;
				PRODUCT_BUNDLE_IDENTIFIER = JMK.PAYBACKUITests;
				PRODUCT_NAME = "$(TARGET_NAME)";
				SWIFT_EMIT_LOC_STRINGS = NO;
				SWIFT_VERSION = 5.0;
				TARGETED_DEVICE_FAMILY = "1,2";
				TEST_TARGET_NAME = PAYBACK;
			};
			name = Release;
		};
/* End XCBuildConfiguration section */

/* Begin XCConfigurationList section */
		0F492B522CC7E8F9003914E4 /* Build configuration list for PBXProject "PAYBACK" */ = {
			isa = XCConfigurationList;
			buildConfigurations = (
				0F492B812CC7E8FB003914E4 /* Debug */,
				0F492B822CC7E8FB003914E4 /* Release */,
			);
			defaultConfigurationIsVisible = 0;
			defaultConfigurationName = Release;
		};
		0F492B7E2CC7E8FB003914E4 /* Build configuration list for PBXNativeTarget "PAYBACK" */ = {
			isa = XCConfigurationList;
			buildConfigurations = (
				0F492B7F2CC7E8FB003914E4 /* Debug */,
				0F492B802CC7E8FB003914E4 /* Release */,
			);
			defaultConfigurationIsVisible = 0;
			defaultConfigurationName = Release;
		};
		0F492B832CC7E8FB003914E4 /* Build configuration list for PBXNativeTarget "PAYBACKTests" */ = {
			isa = XCConfigurationList;
			buildConfigurations = (
				0F492B842CC7E8FB003914E4 /* Debug */,
				0F492B852CC7E8FB003914E4 /* Release */,
			);
			defaultConfigurationIsVisible = 0;
			defaultConfigurationName = Release;
		};
		0F492B862CC7E8FB003914E4 /* Build configuration list for PBXNativeTarget "PAYBACKUITests" */ = {
			isa = XCConfigurationList;
			buildConfigurations = (
				0F492B872CC7E8FB003914E4 /* Debug */,
				0F492B882CC7E8FB003914E4 /* Release */,
			);
			defaultConfigurationIsVisible = 0;
			defaultConfigurationName = Release;
		};
/* End XCConfigurationList section */
	};
	rootObject = 0F492B4F2CC7E8F9003914E4 /* Project object */;
}
